
Microsoft Visual Studio Solution File, Format Version 12.00
# Visual Studio Version 17
VisualStudioVersion = 17.7.34202.233
MinimumVisualStudioVersion = 10.0.40219.1
Project("{FAE04EC0-301F-11D3-BF4B-00C04F79EFBC}") = "BusinessMVC", "BusinessMVC.csproj", "{1E7C3AD0-D621-4258-9C90-166C54EB6515}"
EndProject
Global
	GlobalSection(SolutionConfigurationPlatforms) = preSolution
		Debug|Any CPU = Debug|Any CPU
		Release|Any CPU = Release|Any CPU
	EndGlobalSection
	GlobalSection(ProjectConfigurationPlatforms) = postSolution
		{1E7C3AD0-D621-4258-9C90-166C54EB6515}.Debug|Any CPU.ActiveCfg = Debug|Any CPU
		{1E7C3AD0-D621-4258-9C90-166C54EB6515}.Debug|Any CPU.Build.0 = Debug|Any CPU
		{1E7C3AD0-D621-4258-9C90-166C54EB6515}.Release|Any CPU.ActiveCfg = Release|Any CPU
		{1E7C3AD0-D621-4258-9C90-166C54EB6515}.Release|Any CPU.Build.0 = Release|Any CPU
	EndGlobalSection
	GlobalSection(SolutionProperties) = preSolution
		HideSolutionNode = FALSE
	EndGlobalSection
	GlobalSection(ExtensibilityGlobals) = postSolution
		SolutionGuid = {11A1D21B-8722-4946-A2BB-6508F0709FDB}
	EndGlobalSection
EndGlobal
